
Microsoft Visual Studio Solution File, Format Version 11.00
# Visual Studio 2010
Project("{FAE04EC0-301F-11D3-BF4B-00C04F79EFBC}") = "PCategoria", "PCategoria\PCategoria.csproj", "{57BB87DA-840F-4F61-A04C-BFC6957E446B}"
EndProject
Global
	GlobalSection(SolutionConfigurationPlatforms) = preSolution
		Debug|x86 = Debug|x86
		Release|x86 = Release|x86
	EndGlobalSection
	GlobalSection(ProjectConfigurationPlatforms) = postSolution
		{57BB87DA-840F-4F61-A04C-BFC6957E446B}.Debug|x86.ActiveCfg = Debug|x86
		{57BB87DA-840F-4F61-A04C-BFC6957E446B}.Debug|x86.Build.0 = Debug|x86
		{57BB87DA-840F-4F61-A04C-BFC6957E446B}.Release|x86.ActiveCfg = Release|x86
		{57BB87DA-840F-4F61-A04C-BFC6957E446B}.Release|x86.Build.0 = Release|x86
	EndGlobalSection
	GlobalSection(MonoDevelopProperties) = preSolution
		StartupItem = PCategoria\PCategoria.csproj
	EndGlobalSection
EndGlobal
